
Microsoft Visual Studio Solution File, Format Version 12.00
# Visual Studio Version 16
VisualStudioVersion = 16.0.31624.102
MinimumVisualStudioVersion = 10.0.40219.1
Project("{FAE04EC0-301F-11D3-BF4B-00C04F79EFBC}") = "hustlegotreal", "hustlegotreal\hustlegotreal.csproj", "{780756FA-7877-4D1C-82AF-1050B2623AC4}"
EndProject
Global
	GlobalSection(SolutionConfigurationPlatforms) = preSolution
		Debug|Any CPU = Debug|Any CPU
		Release|Any CPU = Release|Any CPU
	EndGlobalSection
	GlobalSection(ProjectConfigurationPlatforms) = postSolution
		{780756FA-7877-4D1C-82AF-1050B2623AC4}.Debug|Any CPU.ActiveCfg = Debug|Any CPU
		{780756FA-7877-4D1C-82AF-1050B2623AC4}.Debug|Any CPU.Build.0 = Debug|Any CPU
		{780756FA-7877-4D1C-82AF-1050B2623AC4}.Release|Any CPU.ActiveCfg = Release|Any CPU
		{780756FA-7877-4D1C-82AF-1050B2623AC4}.Release|Any CPU.Build.0 = Release|Any CPU
	EndGlobalSection
	GlobalSection(SolutionProperties) = preSolution
		HideSolutionNode = FALSE
	EndGlobalSection
	GlobalSection(ExtensibilityGlobals) = postSolution
		SolutionGuid = {BC266F6B-4675-46AD-B82C-886BF42ECE2F}
	EndGlobalSection
EndGlobal
